
Microsoft Visual Studio Solution File, Format Version 12.00
# Visual Studio Version 16
VisualStudioVersion = 16.0.31025.194
MinimumVisualStudioVersion = 10.0.40219.1
Project("{FAE04EC0-301F-11D3-BF4B-00C04F79EFBC}") = "PlanPro.API", "PlanPro.API\PlanPro.API.csproj", "{8292F221-2D7C-4B5D-B403-381FBB960826}"
EndProject
Project("{FAE04EC0-301F-11D3-BF4B-00C04F79EFBC}") = "PlanPro.Business", "PlanPro.Business\PlanPro.Business.csproj", "{2BAA303E-02FC-4757-9E0B-39B9F4C2F3C0}"
EndProject
Project("{FAE04EC0-301F-11D3-BF4B-00C04F79EFBC}") = "PlanPro.Entities", "PlanPro.Entities\PlanPro.Entities.csproj", "{13EF036F-F3D5-4BCA-B13A-F6DF6103D795}"
EndProject
Project("{FAE04EC0-301F-11D3-BF4B-00C04F79EFBC}") = "PlanPro.Security", "PlanPro.Security\PlanPro.Security.csproj", "{DD871BA1-1403-4924-8091-CD995515AEE3}"
EndProject
Global
	GlobalSection(SolutionConfigurationPlatforms) = preSolution
		Debug|Any CPU = Debug|Any CPU
		Release|Any CPU = Release|Any CPU
	EndGlobalSection
	GlobalSection(ProjectConfigurationPlatforms) = postSolution
		{8292F221-2D7C-4B5D-B403-381FBB960826}.Debug|Any CPU.ActiveCfg = Debug|Any CPU
		{8292F221-2D7C-4B5D-B403-381FBB960826}.Debug|Any CPU.Build.0 = Debug|Any CPU
		{8292F221-2D7C-4B5D-B403-381FBB960826}.Release|Any CPU.ActiveCfg = Release|Any CPU
		{8292F221-2D7C-4B5D-B403-381FBB960826}.Release|Any CPU.Build.0 = Release|Any CPU
		{2BAA303E-02FC-4757-9E0B-39B9F4C2F3C0}.Debug|Any CPU.ActiveCfg = Debug|Any CPU
		{2BAA303E-02FC-4757-9E0B-39B9F4C2F3C0}.Debug|Any CPU.Build.0 = Debug|Any CPU
		{2BAA303E-02FC-4757-9E0B-39B9F4C2F3C0}.Release|Any CPU.ActiveCfg = Release|Any CPU
		{2BAA303E-02FC-4757-9E0B-39B9F4C2F3C0}.Release|Any CPU.Build.0 = Release|Any CPU
		{13EF036F-F3D5-4BCA-B13A-F6DF6103D795}.Debug|Any CPU.ActiveCfg = Debug|Any CPU
		{13EF036F-F3D5-4BCA-B13A-F6DF6103D795}.Debug|Any CPU.Build.0 = Debug|Any CPU
		{13EF036F-F3D5-4BCA-B13A-F6DF6103D795}.Release|Any CPU.ActiveCfg = Release|Any CPU
		{13EF036F-F3D5-4BCA-B13A-F6DF6103D795}.Release|Any CPU.Build.0 = Release|Any CPU
		{DD871BA1-1403-4924-8091-CD995515AEE3}.Debug|Any CPU.ActiveCfg = Debug|Any CPU
		{DD871BA1-1403-4924-8091-CD995515AEE3}.Debug|Any CPU.Build.0 = Debug|Any CPU
		{DD871BA1-1403-4924-8091-CD995515AEE3}.Release|Any CPU.ActiveCfg = Release|Any CPU
		{DD871BA1-1403-4924-8091-CD995515AEE3}.Release|Any CPU.Build.0 = Release|Any CPU
	EndGlobalSection
	GlobalSection(SolutionProperties) = preSolution
		HideSolutionNode = FALSE
	EndGlobalSection
	GlobalSection(ExtensibilityGlobals) = postSolution
		SolutionGuid = {5A428687-3922-487C-B906-AA5F831D6A71}
	EndGlobalSection
EndGlobal
